
Microsoft Visual Studio Solution File, Format Version 12.00
# Visual Studio 15
VisualStudioVersion = 15.0.26228.12
MinimumVisualStudioVersion = 10.0.40219.1
Project("{FAE04EC0-301F-11D3-BF4B-00C04F79EFBC}") = "Wardrobe", "Wardrobe\Wardrobe.csproj", "{3B2F7D53-8271-4451-8127-A38E1D4AD2D7}"
EndProject
Project("{FAE04EC0-301F-11D3-BF4B-00C04F79EFBC}") = "Key_Key_Value_Value", "Key_Key_Value_Value\Key_Key_Value_Value.csproj", "{208718A3-433A-48FD-A99D-B37EE7D436CF}"
EndProject
Project("{FAE04EC0-301F-11D3-BF4B-00C04F79EFBC}") = "TravelCompany", "TravelCompany\TravelCompany.csproj", "{5493C270-6C9A-4105-BE09-7D734B1077BF}"
EndProject
Project("{FAE04EC0-301F-11D3-BF4B-00C04F79EFBC}") = "ShellBound", "ShellBound\ShellBound.csproj", "{048A86D5-2DFC-475B-9B97-8F2FDCCB549A}"
EndProject
Project("{FAE04EC0-301F-11D3-BF4B-00C04F79EFBC}") = "Dict_Ref_Advanced", "Dict_Ref_Advanced\Dict_Ref_Advanced.csproj", "{7B436B5A-C31C-4B7B-94F8-D48DBD1D3613}"
EndProject
Project("{FAE04EC0-301F-11D3-BF4B-00C04F79EFBC}") = "ForumTopics", "ForumTopics\ForumTopics.csproj", "{07430585-D0BA-46CB-A01F-4CDF58A1E71B}"
EndProject
Project("{FAE04EC0-301F-11D3-BF4B-00C04F79EFBC}") = "SocialMediaPosts", "SocialMediaPosts\SocialMediaPosts.csproj", "{CE4298F8-313A-4A74-BE68-0A66B49BEECC}"
EndProject
Global
	GlobalSection(SolutionConfigurationPlatforms) = preSolution
		Debug|Any CPU = Debug|Any CPU
		Release|Any CPU = Release|Any CPU
	EndGlobalSection
	GlobalSection(ProjectConfigurationPlatforms) = postSolution
		{3B2F7D53-8271-4451-8127-A38E1D4AD2D7}.Debug|Any CPU.ActiveCfg = Debug|Any CPU
		{3B2F7D53-8271-4451-8127-A38E1D4AD2D7}.Debug|Any CPU.Build.0 = Debug|Any CPU
		{3B2F7D53-8271-4451-8127-A38E1D4AD2D7}.Release|Any CPU.ActiveCfg = Release|Any CPU
		{3B2F7D53-8271-4451-8127-A38E1D4AD2D7}.Release|Any CPU.Build.0 = Release|Any CPU
		{208718A3-433A-48FD-A99D-B37EE7D436CF}.Debug|Any CPU.ActiveCfg = Debug|Any CPU
		{208718A3-433A-48FD-A99D-B37EE7D436CF}.Debug|Any CPU.Build.0 = Debug|Any CPU
		{208718A3-433A-48FD-A99D-B37EE7D436CF}.Release|Any CPU.ActiveCfg = Release|Any CPU
		{208718A3-433A-48FD-A99D-B37EE7D436CF}.Release|Any CPU.Build.0 = Release|Any CPU
		{5493C270-6C9A-4105-BE09-7D734B1077BF}.Debug|Any CPU.ActiveCfg = Debug|Any CPU
		{5493C270-6C9A-4105-BE09-7D734B1077BF}.Debug|Any CPU.Build.0 = Debug|Any CPU
		{5493C270-6C9A-4105-BE09-7D734B1077BF}.Release|Any CPU.ActiveCfg = Release|Any CPU
		{5493C270-6C9A-4105-BE09-7D734B1077BF}.Release|Any CPU.Build.0 = Release|Any CPU
		{048A86D5-2DFC-475B-9B97-8F2FDCCB549A}.Debug|Any CPU.ActiveCfg = Debug|Any CPU
		{048A86D5-2DFC-475B-9B97-8F2FDCCB549A}.Debug|Any CPU.Build.0 = Debug|Any CPU
		{048A86D5-2DFC-475B-9B97-8F2FDCCB549A}.Release|Any CPU.ActiveCfg = Release|Any CPU
		{048A86D5-2DFC-475B-9B97-8F2FDCCB549A}.Release|Any CPU.Build.0 = Release|Any CPU
		{7B436B5A-C31C-4B7B-94F8-D48DBD1D3613}.Debug|Any CPU.ActiveCfg = Debug|Any CPU
		{7B436B5A-C31C-4B7B-94F8-D48DBD1D3613}.Debug|Any CPU.Build.0 = Debug|Any CPU
		{7B436B5A-C31C-4B7B-94F8-D48DBD1D3613}.Release|Any CPU.ActiveCfg = Release|Any CPU
		{7B436B5A-C31C-4B7B-94F8-D48DBD1D3613}.Release|Any CPU.Build.0 = Release|Any CPU
		{07430585-D0BA-46CB-A01F-4CDF58A1E71B}.Debug|Any CPU.ActiveCfg = Debug|Any CPU
		{07430585-D0BA-46CB-A01F-4CDF58A1E71B}.Debug|Any CPU.Build.0 = Debug|Any CPU
		{07430585-D0BA-46CB-A01F-4CDF58A1E71B}.Release|Any CPU.ActiveCfg = Release|Any CPU
		{07430585-D0BA-46CB-A01F-4CDF58A1E71B}.Release|Any CPU.Build.0 = Release|Any CPU
		{CE4298F8-313A-4A74-BE68-0A66B49BEECC}.Debug|Any CPU.ActiveCfg = Debug|Any CPU
		{CE4298F8-313A-4A74-BE68-0A66B49BEECC}.Debug|Any CPU.Build.0 = Debug|Any CPU
		{CE4298F8-313A-4A74-BE68-0A66B49BEECC}.Release|Any CPU.ActiveCfg = Release|Any CPU
		{CE4298F8-313A-4A74-BE68-0A66B49BEECC}.Release|Any CPU.Build.0 = Release|Any CPU
	EndGlobalSection
	GlobalSection(SolutionProperties) = preSolution
		HideSolutionNode = FALSE
	EndGlobalSection
EndGlobal
